
Microsoft Visual Studio Solution File, Format Version 12.00
# Visual Studio 2015
Project("{FAE04EC0-301F-11D3-BF4B-00C04F79EFBC}") = "New Flappy Bird.CSharp", "New Flappy Bird.CSharp.csproj", "{42A13437-2764-AE54-B0F9-78C26995A0E6}"
EndProject
Global
	GlobalSection(SolutionConfigurationPlatforms) = preSolution
		Debug|Any CPU = Debug|Any CPU
		Release|Any CPU = Release|Any CPU
	EndGlobalSection
	GlobalSection(ProjectConfigurationPlatforms) = postSolution
		{42A13437-2764-AE54-B0F9-78C26995A0E6}.Debug|Any CPU.ActiveCfg = Debug|Any CPU
		{42A13437-2764-AE54-B0F9-78C26995A0E6}.Debug|Any CPU.Build.0 = Debug|Any CPU
		{42A13437-2764-AE54-B0F9-78C26995A0E6}.Release|Any CPU.ActiveCfg = Release|Any CPU
		{42A13437-2764-AE54-B0F9-78C26995A0E6}.Release|Any CPU.Build.0 = Release|Any CPU
	EndGlobalSection
	GlobalSection(SolutionProperties) = preSolution
		HideSolutionNode = FALSE
	EndGlobalSection
EndGlobal
